{
  "name": "vue-3-adapter",
  "version": "1.0.0-alpha.1",
  "lockfileVersion": 1,
  "requires": true,
  "dependencies": {
    "@vue/shared": {
      "version": "3.0.0-alpha.9",
      "resolved": "https://registry.npmjs.org/@vue/shared/-/shared-3.0.0-alpha.9.tgz",
      "integrity": "sha512-34jsIMNwXJ6V6qlGx5ATw4YHTRxoKCyKN8MulRrUxo4BDhzEl1T1nsh6A9dsmJ8MGki/4MtYyxStTnPBQCLNfA=="
    }
  }
}
